
Microsoft Visual Studio Solution File, Format Version 12.00
# Visual Studio 15
VisualStudioVersion = 15.0.27130.2020
MinimumVisualStudioVersion = 10.0.40219.1
Project("{FAE04EC0-301F-11D3-BF4B-00C04F79EFBC}") = "App3.Android", "App3\App3.Android\App3.Android.csproj", "{9858A8A6-8DE9-4256-BFCA-551CB1FDB253}"
EndProject
Project("{FAE04EC0-301F-11D3-BF4B-00C04F79EFBC}") = "App3.iOS", "App3\App3.iOS\App3.iOS.csproj", "{D7AFCE8F-D4F3-4A09-A6E3-AA79DD9B00E2}"
EndProject
Project("{FAE04EC0-301F-11D3-BF4B-00C04F79EFBC}") = "App3.UWP", "App3\App3.UWP\App3.UWP.csproj", "{BAE15387-7946-4459-B78C-FC672203F79D}"
EndProject
Project("{D954291E-2A0B-460D-934E-DC6B0785DB48}") = "App3", "App3\App3\App3.shproj", "{DC732AB9-5673-4FBF-82D0-15AB81B89487}"
EndProject
Global
	GlobalSection(SharedMSBuildProjectFiles) = preSolution
		App3\App3\App3.projitems*{9858a8a6-8de9-4256-bfca-551cb1fdb253}*SharedItemsImports = 4
		App3\App3\App3.projitems*{bae15387-7946-4459-b78c-fc672203f79d}*SharedItemsImports = 4
		App3\App3\App3.projitems*{d7afce8f-d4f3-4a09-a6e3-aa79dd9b00e2}*SharedItemsImports = 4
		App3\App3\App3.projitems*{dc732ab9-5673-4fbf-82d0-15ab81b89487}*SharedItemsImports = 13
	EndGlobalSection
	GlobalSection(SolutionConfigurationPlatforms) = preSolution
		Ad-Hoc|Any CPU = Ad-Hoc|Any CPU
		Ad-Hoc|ARM = Ad-Hoc|ARM
		Ad-Hoc|iPhone = Ad-Hoc|iPhone
		Ad-Hoc|iPhoneSimulator = Ad-Hoc|iPhoneSimulator
		Ad-Hoc|x64 = Ad-Hoc|x64
		Ad-Hoc|x86 = Ad-Hoc|x86
		AppStore|Any CPU = AppStore|Any CPU
		AppStore|ARM = AppStore|ARM
		AppStore|iPhone = AppStore|iPhone
		AppStore|iPhoneSimulator = AppStore|iPhoneSimulator
		AppStore|x64 = AppStore|x64
		AppStore|x86 = AppStore|x86
		Debug|Any CPU = Debug|Any CPU
		Debug|ARM = Debug|ARM
		Debug|iPhone = Debug|iPhone
		Debug|iPhoneSimulator = Debug|iPhoneSimulator
		Debug|x64 = Debug|x64
		Debug|x86 = Debug|x86
		Release|Any CPU = Release|Any CPU
		Release|ARM = Release|ARM
		Release|iPhone = Release|iPhone
		Release|iPhoneSimulator = Release|iPhoneSimulator
		Release|x64 = Release|x64
		Release|x86 = Release|x86
	EndGlobalSection
	GlobalSection(ProjectConfigurationPlatforms) = postSolution
		{9858A8A6-8DE9-4256-BFCA-551CB1FDB253}.Ad-Hoc|Any CPU.ActiveCfg = Release|Any CPU
		{9858A8A6-8DE9-4256-BFCA-551CB1FDB253}.Ad-Hoc|Any CPU.Build.0 = Release|Any CPU
		{9858A8A6-8DE9-4256-BFCA-551CB1FDB253}.Ad-Hoc|Any CPU.Deploy.0 = Release|Any CPU
		{9858A8A6-8DE9-4256-BFCA-551CB1FDB253}.Ad-Hoc|ARM.ActiveCfg = Release|Any CPU
		{9858A8A6-8DE9-4256-BFCA-551CB1FDB253}.Ad-Hoc|ARM.Build.0 = Release|Any CPU
		{9858A8A6-8DE9-4256-BFCA-551CB1FDB253}.Ad-Hoc|ARM.Deploy.0 = Release|Any CPU
		{9858A8A6-8DE9-4256-BFCA-551CB1FDB253}.Ad-Hoc|iPhone.ActiveCfg = Release|Any CPU
		{9858A8A6-8DE9-4256-BFCA-551CB1FDB253}.Ad-Hoc|iPhone.Build.0 = Release|Any CPU
		{9858A8A6-8DE9-4256-BFCA-551CB1FDB253}.Ad-Hoc|iPhone.Deploy.0 = Release|Any CPU
		{9858A8A6-8DE9-4256-BFCA-551CB1FDB253}.Ad-Hoc|iPhoneSimulator.ActiveCfg = Release|Any CPU
		{9858A8A6-8DE9-4256-BFCA-551CB1FDB253}.Ad-Hoc|iPhoneSimulator.Build.0 = Release|Any CPU
		{9858A8A6-8DE9-4256-BFCA-551CB1FDB253}.Ad-Hoc|iPhoneSimulator.Deploy.0 = Release|Any CPU
		{9858A8A6-8DE9-4256-BFCA-551CB1FDB253}.Ad-Hoc|x64.ActiveCfg = Release|Any CPU
		{9858A8A6-8DE9-4256-BFCA-551CB1FDB253}.Ad-Hoc|x64.Build.0 = Release|Any CPU
		{9858A8A6-8DE9-4256-BFCA-551CB1FDB253}.Ad-Hoc|x64.Deploy.0 = Release|Any CPU
		{9858A8A6-8DE9-4256-BFCA-551CB1FDB253}.Ad-Hoc|x86.ActiveCfg = Release|Any CPU
		{9858A8A6-8DE9-4256-BFCA-551CB1FDB253}.Ad-Hoc|x86.Build.0 = Release|Any CPU
		{9858A8A6-8DE9-4256-BFCA-551CB1FDB253}.Ad-Hoc|x86.Deploy.0 = Release|Any CPU
		{9858A8A6-8DE9-4256-BFCA-551CB1FDB253}.AppStore|Any CPU.ActiveCfg = Release|Any CPU
		{9858A8A6-8DE9-4256-BFCA-551CB1FDB253}.AppStore|Any CPU.Build.0 = Release|Any CPU
		{9858A8A6-8DE9-4256-BFCA-551CB1FDB253}.AppStore|Any CPU.Deploy.0 = Release|Any CPU
		{9858A8A6-8DE9-4256-BFCA-551CB1FDB253}.AppStore|ARM.ActiveCfg = Release|Any CPU
		{9858A8A6-8DE9-4256-BFCA-551CB1FDB253}.AppStore|ARM.Build.0 = Release|Any CPU
		{9858A8A6-8DE9-4256-BFCA-551CB1FDB253}.AppStore|ARM.Deploy.0 = Release|Any CPU
		{9858A8A6-8DE9-4256-BFCA-551CB1FDB253}.AppStore|iPhone.ActiveCfg = Release|Any CPU
		{9858A8A6-8DE9-4256-BFCA-551CB1FDB253}.AppStore|iPhone.Build.0 = Release|Any CPU
		{9858A8A6-8DE9-4256-BFCA-551CB1FDB253}.AppStore|iPhone.Deploy.0 = Release|Any CPU
		{9858A8A6-8DE9-4256-BFCA-551CB1FDB253}.AppStore|iPhoneSimulator.ActiveCfg = Release|Any CPU
		{9858A8A6-8DE9-4256-BFCA-551CB1FDB253}.AppStore|iPhoneSimulator.Build.0 = Release|Any CPU
		{9858A8A6-8DE9-4256-BFCA-551CB1FDB253}.AppStore|iPhoneSimulator.Deploy.0 = Release|Any CPU
		{9858A8A6-8DE9-4256-BFCA-551CB1FDB253}.AppStore|x64.ActiveCfg = Release|Any CPU
		{9858A8A6-8DE9-4256-BFCA-551CB1FDB253}.AppStore|x64.Build.0 = Release|Any CPU
		{9858A8A6-8DE9-4256-BFCA-551CB1FDB253}.AppStore|x64.Deploy.0 = Release|Any CPU
		{9858A8A6-8DE9-4256-BFCA-551CB1FDB253}.AppStore|x86.ActiveCfg = Release|Any CPU
		{9858A8A6-8DE9-4256-BFCA-551CB1FDB253}.AppStore|x86.Build.0 = Release|Any CPU
		{9858A8A6-8DE9-4256-BFCA-551CB1FDB253}.AppStore|x86.Deploy.0 = Release|Any CPU
		{9858A8A6-8DE9-4256-BFCA-551CB1FDB253}.Debug|Any CPU.ActiveCfg = Debug|Any CPU
		{9858A8A6-8DE9-4256-BFCA-551CB1FDB253}.Debug|Any CPU.Build.0 = Debug|Any CPU
		{9858A8A6-8DE9-4256-BFCA-551CB1FDB253}.Debug|Any CPU.Deploy.0 = Debug|Any CPU
		{9858A8A6-8DE9-4256-BFCA-551CB1FDB253}.Debug|ARM.ActiveCfg = Debug|Any CPU
		{9858A8A6-8DE9-4256-BFCA-551CB1FDB253}.Debug|ARM.Build.0 = Debug|Any CPU
		{9858A8A6-8DE9-4256-BFCA-551CB1FDB253}.Debug|ARM.Deploy.0 = Debug|Any CPU
		{9858A8A6-8DE9-4256-BFCA-551CB1FDB253}.Debug|iPhone.ActiveCfg = Debug|Any CPU
		{9858A8A6-8DE9-4256-BFCA-551CB1FDB253}.Debug|iPhone.Build.0 = Debug|Any CPU
		{9858A8A6-8DE9-4256-BFCA-551CB1FDB253}.Debug|iPhone.Deploy.0 = Debug|Any CPU
		{9858A8A6-8DE9-4256-BFCA-551CB1FDB253}.Debug|iPhoneSimulator.ActiveCfg = Debug|Any CPU
		{9858A8A6-8DE9-4256-BFCA-551CB1FDB253}.Debug|iPhoneSimulator.Build.0 = Debug|Any CPU
		{9858A8A6-8DE9-4256-BFCA-551CB1FDB253}.Debug|iPhoneSimulator.Deploy.0 = Debug|Any CPU
		{9858A8A6-8DE9-4256-BFCA-551CB1FDB253}.Debug|x64.ActiveCfg = Debug|Any CPU
		{9858A8A6-8DE9-4256-BFCA-551CB1FDB253}.Debug|x64.Build.0 = Debug|Any CPU
		{9858A8A6-8DE9-4256-BFCA-551CB1FDB253}.Debug|x64.Deploy.0 = Debug|Any CPU
		{9858A8A6-8DE9-4256-BFCA-551CB1FDB253}.Debug|x86.ActiveCfg = Debug|Any CPU
		{9858A8A6-8DE9-4256-BFCA-551CB1FDB253}.Debug|x86.Build.0 = Debug|Any CPU
		{9858A8A6-8DE9-4256-BFCA-551CB1FDB253}.Debug|x86.Deploy.0 = Debug|Any CPU
		{9858A8A6-8DE9-4256-BFCA-551CB1FDB253}.Release|Any CPU.ActiveCfg = Release|Any CPU
		{9858A8A6-8DE9-4256-BFCA-551CB1FDB253}.Release|Any CPU.Build.0 = Release|Any CPU
		{9858A8A6-8DE9-4256-BFCA-551CB1FDB253}.Release|Any CPU.Deploy.0 = Release|Any CPU
		{9858A8A6-8DE9-4256-BFCA-551CB1FDB253}.Release|ARM.ActiveCfg = Release|Any CPU
		{9858A8A6-8DE9-4256-BFCA-551CB1FDB253}.Release|ARM.Build.0 = Release|Any CPU
		{9858A8A6-8DE9-4256-BFCA-551CB1FDB253}.Release|ARM.Deploy.0 = Release|Any CPU
		{9858A8A6-8DE9-4256-BFCA-551CB1FDB253}.Release|iPhone.ActiveCfg = Release|Any CPU
		{9858A8A6-8DE9-4256-BFCA-551CB1FDB253}.Release|iPhone.Build.0 = Release|Any CPU
		{9858A8A6-8DE9-4256-BFCA-551CB1FDB253}.Release|iPhone.Deploy.0 = Release|Any CPU
		{9858A8A6-8DE9-4256-BFCA-551CB1FDB253}.Release|iPhoneSimulator.ActiveCfg = Release|Any CPU
		{9858A8A6-8DE9-4256-BFCA-551CB1FDB253}.Release|iPhoneSimulator.Build.0 = Release|Any CPU
		{9858A8A6-8DE9-4256-BFCA-551CB1FDB253}.Release|iPhoneSimulator.Deploy.0 = Release|Any CPU
		{9858A8A6-8DE9-4256-BFCA-551CB1FDB253}.Release|x64.ActiveCfg = Release|Any CPU
		{9858A8A6-8DE9-4256-BFCA-551CB1FDB253}.Release|x64.Build.0 = Release|Any CPU
		{9858A8A6-8DE9-4256-BFCA-551CB1FDB253}.Release|x64.Deploy.0 = Release|Any CPU
		{9858A8A6-8DE9-4256-BFCA-551CB1FDB253}.Release|x86.ActiveCfg = Release|Any CPU
		{9858A8A6-8DE9-4256-BFCA-551CB1FDB253}.Release|x86.Build.0 = Release|Any CPU
		{9858A8A6-8DE9-4256-BFCA-551CB1FDB253}.Release|x86.Deploy.0 = Release|Any CPU
		{D7AFCE8F-D4F3-4A09-A6E3-AA79DD9B00E2}.Ad-Hoc|Any CPU.ActiveCfg = Ad-Hoc|iPhone
		{D7AFCE8F-D4F3-4A09-A6E3-AA79DD9B00E2}.Ad-Hoc|ARM.ActiveCfg = Ad-Hoc|iPhone
		{D7AFCE8F-D4F3-4A09-A6E3-AA79DD9B00E2}.Ad-Hoc|iPhone.ActiveCfg = Ad-Hoc|iPhone
		{D7AFCE8F-D4F3-4A09-A6E3-AA79DD9B00E2}.Ad-Hoc|iPhone.Build.0 = Ad-Hoc|iPhone
		{D7AFCE8F-D4F3-4A09-A6E3-AA79DD9B00E2}.Ad-Hoc|iPhoneSimulator.ActiveCfg = Ad-Hoc|iPhoneSimulator
		{D7AFCE8F-D4F3-4A09-A6E3-AA79DD9B00E2}.Ad-Hoc|iPhoneSimulator.Build.0 = Ad-Hoc|iPhoneSimulator
		{D7AFCE8F-D4F3-4A09-A6E3-AA79DD9B00E2}.Ad-Hoc|x64.ActiveCfg = Ad-Hoc|iPhone
		{D7AFCE8F-D4F3-4A09-A6E3-AA79DD9B00E2}.Ad-Hoc|x86.ActiveCfg = Ad-Hoc|iPhone
		{D7AFCE8F-D4F3-4A09-A6E3-AA79DD9B00E2}.AppStore|Any CPU.ActiveCfg = AppStore|iPhone
		{D7AFCE8F-D4F3-4A09-A6E3-AA79DD9B00E2}.AppStore|ARM.ActiveCfg = AppStore|iPhone
		{D7AFCE8F-D4F3-4A09-A6E3-AA79DD9B00E2}.AppStore|iPhone.ActiveCfg = AppStore|iPhone
		{D7AFCE8F-D4F3-4A09-A6E3-AA79DD9B00E2}.AppStore|iPhone.Build.0 = AppStore|iPhone
		{D7AFCE8F-D4F3-4A09-A6E3-AA79DD9B00E2}.AppStore|iPhoneSimulator.ActiveCfg = AppStore|iPhoneSimulator
		{D7AFCE8F-D4F3-4A09-A6E3-AA79DD9B00E2}.AppStore|iPhoneSimulator.Build.0 = AppStore|iPhoneSimulator
		{D7AFCE8F-D4F3-4A09-A6E3-AA79DD9B00E2}.AppStore|x64.ActiveCfg = AppStore|iPhone
		{D7AFCE8F-D4F3-4A09-A6E3-AA79DD9B00E2}.AppStore|x86.ActiveCfg = AppStore|iPhone
		{D7AFCE8F-D4F3-4A09-A6E3-AA79DD9B00E2}.Debug|Any CPU.ActiveCfg = Debug|iPhone
		{D7AFCE8F-D4F3-4A09-A6E3-AA79DD9B00E2}.Debug|ARM.ActiveCfg = Debug|iPhone
		{D7AFCE8F-D4F3-4A09-A6E3-AA79DD9B00E2}.Debug|iPhone.ActiveCfg = Debug|iPhone
		{D7AFCE8F-D4F3-4A09-A6E3-AA79DD9B00E2}.Debug|iPhone.Build.0 = Debug|iPhone
		{D7AFCE8F-D4F3-4A09-A6E3-AA79DD9B00E2}.Debug|iPhoneSimulator.ActiveCfg = Debug|iPhoneSimulator
		{D7AFCE8F-D4F3-4A09-A6E3-AA79DD9B00E2}.Debug|iPhoneSimulator.Build.0 = Debug|iPhoneSimulator
		{D7AFCE8F-D4F3-4A09-A6E3-AA79DD9B00E2}.Debug|x64.ActiveCfg = Debug|iPhone
		{D7AFCE8F-D4F3-4A09-A6E3-AA79DD9B00E2}.Debug|x86.ActiveCfg = Debug|iPhone
		{D7AFCE8F-D4F3-4A09-A6E3-AA79DD9B00E2}.Release|Any CPU.ActiveCfg = Release|iPhone
		{D7AFCE8F-D4F3-4A09-A6E3-AA79DD9B00E2}.Release|ARM.ActiveCfg = Release|iPhone
		{D7AFCE8F-D4F3-4A09-A6E3-AA79DD9B00E2}.Release|iPhone.ActiveCfg = Release|iPhone
		{D7AFCE8F-D4F3-4A09-A6E3-AA79DD9B00E2}.Release|iPhone.Build.0 = Release|iPhone
		{D7AFCE8F-D4F3-4A09-A6E3-AA79DD9B00E2}.Release|iPhoneSimulator.ActiveCfg = Release|iPhoneSimulator
		{D7AFCE8F-D4F3-4A09-A6E3-AA79DD9B00E2}.Release|iPhoneSimulator.Build.0 = Release|iPhoneSimulator
		{D7AFCE8F-D4F3-4A09-A6E3-AA79DD9B00E2}.Release|x64.ActiveCfg = Release|iPhone
		{D7AFCE8F-D4F3-4A09-A6E3-AA79DD9B00E2}.Release|x86.ActiveCfg = Release|iPhone
		{BAE15387-7946-4459-B78C-FC672203F79D}.Ad-Hoc|Any CPU.ActiveCfg = Release|x86
		{BAE15387-7946-4459-B78C-FC672203F79D}.Ad-Hoc|Any CPU.Build.0 = Release|x86
		{BAE15387-7946-4459-B78C-FC672203F79D}.Ad-Hoc|Any CPU.Deploy.0 = Release|x86
		{BAE15387-7946-4459-B78C-FC672203F79D}.Ad-Hoc|ARM.ActiveCfg = Release|ARM
		{BAE15387-7946-4459-B78C-FC672203F79D}.Ad-Hoc|ARM.Build.0 = Release|ARM
		{BAE15387-7946-4459-B78C-FC672203F79D}.Ad-Hoc|ARM.Deploy.0 = Release|ARM
		{BAE15387-7946-4459-B78C-FC672203F79D}.Ad-Hoc|iPhone.ActiveCfg = Release|x86
		{BAE15387-7946-4459-B78C-FC672203F79D}.Ad-Hoc|iPhone.Build.0 = Release|x86
		{BAE15387-7946-4459-B78C-FC672203F79D}.Ad-Hoc|iPhone.Deploy.0 = Release|x86
		{BAE15387-7946-4459-B78C-FC672203F79D}.Ad-Hoc|iPhoneSimulator.ActiveCfg = Release|x86
		{BAE15387-7946-4459-B78C-FC672203F79D}.Ad-Hoc|iPhoneSimulator.Build.0 = Release|x86
		{BAE15387-7946-4459-B78C-FC672203F79D}.Ad-Hoc|iPhoneSimulator.Deploy.0 = Release|x86
		{BAE15387-7946-4459-B78C-FC672203F79D}.Ad-Hoc|x64.ActiveCfg = Release|x64
		{BAE15387-7946-4459-B78C-FC672203F79D}.Ad-Hoc|x64.Build.0 = Release|x64
		{BAE15387-7946-4459-B78C-FC672203F79D}.Ad-Hoc|x64.Deploy.0 = Release|x64
		{BAE15387-7946-4459-B78C-FC672203F79D}.Ad-Hoc|x86.ActiveCfg = Release|x86
		{BAE15387-7946-4459-B78C-FC672203F79D}.Ad-Hoc|x86.Build.0 = Release|x86
		{BAE15387-7946-4459-B78C-FC672203F79D}.Ad-Hoc|x86.Deploy.0 = Release|x86
		{BAE15387-7946-4459-B78C-FC672203F79D}.AppStore|Any CPU.ActiveCfg = Release|x86
		{BAE15387-7946-4459-B78C-FC672203F79D}.AppStore|Any CPU.Build.0 = Release|x86
		{BAE15387-7946-4459-B78C-FC672203F79D}.AppStore|Any CPU.Deploy.0 = Release|x86
		{BAE15387-7946-4459-B78C-FC672203F79D}.AppStore|ARM.ActiveCfg = Release|ARM
		{BAE15387-7946-4459-B78C-FC672203F79D}.AppStore|ARM.Build.0 = Release|ARM
		{BAE15387-7946-4459-B78C-FC672203F79D}.AppStore|ARM.Deploy.0 = Release|ARM
		{BAE15387-7946-4459-B78C-FC672203F79D}.AppStore|iPhone.ActiveCfg = Release|x86
		{BAE15387-7946-4459-B78C-FC672203F79D}.AppStore|iPhone.Build.0 = Release|x86
		{BAE15387-7946-4459-B78C-FC672203F79D}.AppStore|iPhone.Deploy.0 = Release|x86
		{BAE15387-7946-4459-B78C-FC672203F79D}.AppStore|iPhoneSimulator.ActiveCfg = Release|x86
		{BAE15387-7946-4459-B78C-FC672203F79D}.AppStore|iPhoneSimulator.Build.0 = Release|x86
		{BAE15387-7946-4459-B78C-FC672203F79D}.AppStore|iPhoneSimulator.Deploy.0 = Release|x86
		{BAE15387-7946-4459-B78C-FC672203F79D}.AppStore|x64.ActiveCfg = Release|x64
		{BAE15387-7946-4459-B78C-FC672203F79D}.AppStore|x64.Build.0 = Release|x64
		{BAE15387-7946-4459-B78C-FC672203F79D}.AppStore|x64.Deploy.0 = Release|x64
		{BAE15387-7946-4459-B78C-FC672203F79D}.AppStore|x86.ActiveCfg = Release|x86
		{BAE15387-7946-4459-B78C-FC672203F79D}.AppStore|x86.Build.0 = Release|x86
		{BAE15387-7946-4459-B78C-FC672203F79D}.AppStore|x86.Deploy.0 = Release|x86
		{BAE15387-7946-4459-B78C-FC672203F79D}.Debug|Any CPU.ActiveCfg = Debug|x86
		{BAE15387-7946-4459-B78C-FC672203F79D}.Debug|ARM.ActiveCfg = Debug|ARM
		{BAE15387-7946-4459-B78C-FC672203F79D}.Debug|ARM.Build.0 = Debug|ARM
		{BAE15387-7946-4459-B78C-FC672203F79D}.Debug|ARM.Deploy.0 = Debug|ARM
		{BAE15387-7946-4459-B78C-FC672203F79D}.Debug|iPhone.ActiveCfg = Debug|x86
		{BAE15387-7946-4459-B78C-FC672203F79D}.Debug|iPhoneSimulator.ActiveCfg = Debug|x86
		{BAE15387-7946-4459-B78C-FC672203F79D}.Debug|x64.ActiveCfg = Debug|x64
		{BAE15387-7946-4459-B78C-FC672203F79D}.Debug|x64.Build.0 = Debug|x64
		{BAE15387-7946-4459-B78C-FC672203F79D}.Debug|x64.Deploy.0 = Debug|x64
		{BAE15387-7946-4459-B78C-FC672203F79D}.Debug|x86.ActiveCfg = Debug|x86
		{BAE15387-7946-4459-B78C-FC672203F79D}.Debug|x86.Build.0 = Debug|x86
		{BAE15387-7946-4459-B78C-FC672203F79D}.Debug|x86.Deploy.0 = Debug|x86
		{BAE15387-7946-4459-B78C-FC672203F79D}.Release|Any CPU.ActiveCfg = Release|x86
		{BAE15387-7946-4459-B78C-FC672203F79D}.Release|ARM.ActiveCfg = Release|ARM
		{BAE15387-7946-4459-B78C-FC672203F79D}.Release|ARM.Build.0 = Release|ARM
		{BAE15387-7946-4459-B78C-FC672203F79D}.Release|ARM.Deploy.0 = Release|ARM
		{BAE15387-7946-4459-B78C-FC672203F79D}.Release|iPhone.ActiveCfg = Release|x86
		{BAE15387-7946-4459-B78C-FC672203F79D}.Release|iPhoneSimulator.ActiveCfg = Release|x86
		{BAE15387-7946-4459-B78C-FC672203F79D}.Release|x64.ActiveCfg = Release|x64
		{BAE15387-7946-4459-B78C-FC672203F79D}.Release|x64.Build.0 = Release|x64
		{BAE15387-7946-4459-B78C-FC672203F79D}.Release|x64.Deploy.0 = Release|x64
		{BAE15387-7946-4459-B78C-FC672203F79D}.Release|x86.ActiveCfg = Release|x86
		{BAE15387-7946-4459-B78C-FC672203F79D}.Release|x86.Build.0 = Release|x86
		{BAE15387-7946-4459-B78C-FC672203F79D}.Release|x86.Deploy.0 = Release|x86
	EndGlobalSection
	GlobalSection(SolutionProperties) = preSolution
		HideSolutionNode = FALSE
	EndGlobalSection
	GlobalSection(ExtensibilityGlobals) = postSolution
		SolutionGuid = {AC622427-3C9C-423C-9023-012A708018D3}
	EndGlobalSection
EndGlobal
